// !$*UTF8*$!
{
	archiveVersion = 1;
	classes = {
	};
	objectVersion = 46;
	objects = {

/* Begin PBXBuildFile section */
		262FDCD11CFF980A0076463F /* taylori_particles.cpp in Sources */ = {isa = PBXBuildFile; fileRef = 262FDCD01CFF980A0076463F /* taylori_particles.cpp */; };
		2699BA3F1D00D3820055C674 /* libiomp5.dylib in Frameworks */ = {isa = PBXBuildFile; fileRef = 2699BA3E1D00D3820055C674 /* libiomp5.dylib */; };
		2699BA431D00D44B0055C674 /* OpenCL.framework in Frameworks */ = {isa = PBXBuildFile; fileRef = 2699BA421D00D44B0055C674 /* OpenCL.framework */; };
		2699BA451D00D4520055C674 /* OpenGL.framework in Frameworks */ = {isa = PBXBuildFile; fileRef = 2699BA441D00D4520055C674 /* OpenGL.framework */; };
		2699BA481D00D8BD0055C674 /* GLUT.framework in Frameworks */ = {isa = PBXBuildFile; fileRef = 2699BA471D00D8BD0055C674 /* GLUT.framework */; };
		2699BA5E1D01099E0055C674 /* GLUI.framework in Frameworks */ = {isa = PBXBuildFile; fileRef = 2699BA5D1D01099E0055C674 /* GLUI.framework */; };
/* End PBXBuildFile section */

/* Begin PBXCopyFilesBuildPhase section */
		262FDCCB1CFF980A0076463F /* CopyFiles */ = {
			isa = PBXCopyFilesBuildPhase;
			buildActionMask = 2147483647;
			dstPath = /usr/share/man/man1/;
			dstSubfolderSpec = 0;
			files = (
			);
			runOnlyForDeploymentPostprocessing = 1;
		};
/* End PBXCopyFilesBuildPhase section */

/* Begin PBXFileReference section */
		262FDCCD1CFF980A0076463F /* 475_project07 */ = {isa = PBXFileReference; explicitFileType = "compiled.mach-o.executable"; includeInIndex = 0; path = 475_project07; sourceTree = BUILT_PRODUCTS_DIR; };
		262FDCD01CFF980A0076463F /* taylori_particles.cpp */ = {isa = PBXFileReference; lastKnownFileType = sourcecode.cpp.cpp; path = taylori_particles.cpp; sourceTree = "<group>"; };
		2699BA3E1D00D3820055C674 /* libiomp5.dylib */ = {isa = PBXFileReference; lastKnownFileType = "compiled.mach-o.dylib"; name = libiomp5.dylib; path = ../../../../../../../../../usr/local/lib/libiomp5.dylib; sourceTree = "<group>"; };
		2699BA401D00D3E40055C674 /* particles.cl */ = {isa = PBXFileReference; fileEncoding = 4; lastKnownFileType = sourcecode.opencl; name = particles.cl; path = "/Users/iantaylor/Desktop/School/OSU CS Post-Bacc/OSU_Term7/CS475_ParallelProgramming/475_Projects/475_project07/475_project07/particles.cl"; sourceTree = "<absolute>"; };
		2699BA421D00D44B0055C674 /* OpenCL.framework */ = {isa = PBXFileReference; lastKnownFileType = wrapper.framework; name = OpenCL.framework; path = ../../../../../../../../../System/Library/Frameworks/OpenCL.framework; sourceTree = "<group>"; };
		2699BA441D00D4520055C674 /* OpenGL.framework */ = {isa = PBXFileReference; lastKnownFileType = wrapper.framework; name = OpenGL.framework; path = ../../../../../../../../../System/Library/Frameworks/OpenGL.framework; sourceTree = "<group>"; };
		2699BA471D00D8BD0055C674 /* GLUT.framework */ = {isa = PBXFileReference; lastKnownFileType = wrapper.framework; name = GLUT.framework; path = ../../../../../../../../../System/Library/Frameworks/GLUT.framework; sourceTree = "<group>"; };
		2699BA5D1D01099E0055C674 /* GLUI.framework */ = {isa = PBXFileReference; lastKnownFileType = wrapper.framework; name = GLUI.framework; path = ../../../../../../../../../Library/Frameworks/GLUI.framework; sourceTree = "<group>"; };
/* End PBXFileReference section */

/* Begin PBXFrameworksBuildPhase section */
		262FDCCA1CFF980A0076463F /* Frameworks */ = {
			isa = PBXFrameworksBuildPhase;
			buildActionMask = 2147483647;
			files = (
				2699BA3F1D00D3820055C674 /* libiomp5.dylib in Frameworks */,
				2699BA5E1D01099E0055C674 /* GLUI.framework in Frameworks */,
				2699BA481D00D8BD0055C674 /* GLUT.framework in Frameworks */,
				2699BA451D00D4520055C674 /* OpenGL.framework in Frameworks */,
				2699BA431D00D44B0055C674 /* OpenCL.framework in Frameworks */,
			);
			runOnlyForDeploymentPostprocessing = 0;
		};
/* End PBXFrameworksBuildPhase section */

/* Begin PBXGroup section */
		262FDCC41CFF980A0076463F = {
			isa = PBXGroup;
			children = (
				2699BA3D1D00D35F0055C674 /* Frameworks */,
				262FDCCF1CFF980A0076463F /* 475_project07 */,
				262FDCCE1CFF980A0076463F /* Products */,
			);
			sourceTree = "<group>";
		};
		262FDCCE1CFF980A0076463F /* Products */ = {
			isa = PBXGroup;
			children = (
				262FDCCD1CFF980A0076463F /* 475_project07 */,
			);
			name = Products;
			sourceTree = "<group>";
		};
		262FDCCF1CFF980A0076463F /* 475_project07 */ = {
			isa = PBXGroup;
			children = (
				2699BA401D00D3E40055C674 /* particles.cl */,
				262FDCD01CFF980A0076463F /* taylori_particles.cpp */,
			);
			path = 475_project07;
			sourceTree = "<group>";
		};
		2699BA3D1D00D35F0055C674 /* Frameworks */ = {
			isa = PBXGroup;
			children = (
				2699BA5D1D01099E0055C674 /* GLUI.framework */,
				2699BA471D00D8BD0055C674 /* GLUT.framework */,
				2699BA441D00D4520055C674 /* OpenGL.framework */,
				2699BA421D00D44B0055C674 /* OpenCL.framework */,
				2699BA3E1D00D3820055C674 /* libiomp5.dylib */,
			);
			name = Frameworks;
			sourceTree = "<group>";
		};
/* End PBXGroup section */

/* Begin PBXNativeTarget section */
		262FDCCC1CFF980A0076463F /* 475_project07 */ = {
			isa = PBXNativeTarget;
			buildConfigurationList = 262FDCD41CFF980A0076463F /* Build configuration list for PBXNativeTarget "475_project07" */;
			buildPhases = (
				262FDCC91CFF980A0076463F /* Sources */,
				262FDCCA1CFF980A0076463F /* Frameworks */,
				262FDCCB1CFF980A0076463F /* CopyFiles */,
			);
			buildRules = (
			);
			dependencies = (
			);
			name = 475_project07;
			productName = 475_project07;
			productReference = 262FDCCD1CFF980A0076463F /* 475_project07 */;
			productType = "com.apple.product-type.tool";
		};
/* End PBXNativeTarget section */

/* Begin PBXProject section */
		262FDCC51CFF980A0076463F /* Project object */ = {
			isa = PBXProject;
			attributes = {
				LastUpgradeCheck = 0720;
				ORGANIZATIONNAME = "Ian Taylor";
				TargetAttributes = {
					262FDCCC1CFF980A0076463F = {
						CreatedOnToolsVersion = 7.2.1;
					};
				};
			};
			buildConfigurationList = 262FDCC81CFF980A0076463F /* Build configuration list for PBXProject "475_project07" */;
			compatibilityVersion = "Xcode 3.2";
			developmentRegion = English;
			hasScannedForEncodings = 0;
			knownRegions = (
				en,
			);
			mainGroup = 262FDCC41CFF980A0076463F;
			productRefGroup = 262FDCCE1CFF980A0076463F /* Products */;
			projectDirPath = "";
			projectRoot = "";
			targets = (
				262FDCCC1CFF980A0076463F /* 475_project07 */,
			);
		};
/* End PBXProject section */

/* Begin PBXSourcesBuildPhase section */
		262FDCC91CFF980A0076463F /* Sources */ = {
			isa = PBXSourcesBuildPhase;
			buildActionMask = 2147483647;
			files = (
				262FDCD11CFF980A0076463F /* taylori_particles.cpp in Sources */,
			);
			runOnlyForDeploymentPostprocessing = 0;
		};
/* End PBXSourcesBuildPhase section */

/* Begin XCBuildConfiguration section */
		262FDCD21CFF980A0076463F /* Debug */ = {
			isa = XCBuildConfiguration;
			buildSettings = {
				ALWAYS_SEARCH_USER_PATHS = NO;
				CLANG_CXX_LANGUAGE_STANDARD = "gnu++0x";
				CLANG_CXX_LIBRARY = "libc++";
				CLANG_ENABLE_MODULES = YES;
				CLANG_ENABLE_OBJC_ARC = YES;
				CLANG_WARN_BOOL_CONVERSION = YES;
				CLANG_WARN_CONSTANT_CONVERSION = YES;
				CLANG_WARN_DIRECT_OBJC_ISA_USAGE = YES_ERROR;
				CLANG_WARN_EMPTY_BODY = YES;
				CLANG_WARN_ENUM_CONVERSION = YES;
				CLANG_WARN_INT_CONVERSION = YES;
				CLANG_WARN_OBJC_ROOT_CLASS = YES_ERROR;
				CLANG_WARN_UNREACHABLE_CODE = YES;
				CLANG_WARN__DUPLICATE_METHOD_MATCH = YES;
				CODE_SIGN_IDENTITY = "-";
				COPY_PHASE_STRIP = NO;
				DEBUG_INFORMATION_FORMAT = dwarf;
				ENABLE_STRICT_OBJC_MSGSEND = YES;
				ENABLE_TESTABILITY = YES;
				GCC_C_LANGUAGE_STANDARD = gnu99;
				GCC_DYNAMIC_NO_PIC = NO;
				GCC_NO_COMMON_BLOCKS = YES;
				GCC_OPTIMIZATION_LEVEL = 0;
				GCC_PREPROCESSOR_DEFINITIONS = (
					"DEBUG=1",
					"$(inherited)",
				);
				GCC_WARN_64_TO_32_BIT_CONVERSION = YES;
				GCC_WARN_ABOUT_RETURN_TYPE = YES_ERROR;
				GCC_WARN_UNDECLARED_SELECTOR = YES;
				GCC_WARN_UNINITIALIZED_AUTOS = YES_AGGRESSIVE;
				GCC_WARN_UNUSED_FUNCTION = YES;
				GCC_WARN_UNUSED_VARIABLE = YES;
				MACOSX_DEPLOYMENT_TARGET = 10.11;
				MTL_ENABLE_DEBUG_INFO = YES;
				ONLY_ACTIVE_ARCH = YES;
				SDKROOT = macosx;
			};
			name = Debug;
		};
		262FDCD31CFF980A0076463F /* Release */ = {
			isa = XCBuildConfiguration;
			buildSettings = {
				ALWAYS_SEARCH_USER_PATHS = NO;
				CLANG_CXX_LANGUAGE_STANDARD = "gnu++0x";
				CLANG_CXX_LIBRARY = "libc++";
				CLANG_ENABLE_MODULES = YES;
				CLANG_ENABLE_OBJC_ARC = YES;
				CLANG_WARN_BOOL_CONVERSION = YES;
				CLANG_WARN_CONSTANT_CONVERSION = YES;
				CLANG_WARN_DIRECT_OBJC_ISA_USAGE = YES_ERROR;
				CLANG_WARN_EMPTY_BODY = YES;
				CLANG_WARN_ENUM_CONVERSION = YES;
				CLANG_WARN_INT_CONVERSION = YES;
				CLANG_WARN_OBJC_ROOT_CLASS = YES_ERROR;
				CLANG_WARN_UNREACHABLE_CODE = YES;
				CLANG_WARN__DUPLICATE_METHOD_MATCH = YES;
				CODE_SIGN_IDENTITY = "-";
				COPY_PHASE_STRIP = NO;
				DEBUG_INFORMATION_FORMAT = "dwarf-with-dsym";
				ENABLE_NS_ASSERTIONS = NO;
				ENABLE_STRICT_OBJC_MSGSEND = YES;
				GCC_C_LANGUAGE_STANDARD = gnu99;
				GCC_NO_COMMON_BLOCKS = YES;
				GCC_WARN_64_TO_32_BIT_CONVERSION = YES;
				GCC_WARN_ABOUT_RETURN_TYPE = YES_ERROR;
				GCC_WARN_UNDECLARED_SELECTOR = YES;
				GCC_WARN_UNINITIALIZED_AUTOS = YES_AGGRESSIVE;
				GCC_WARN_UNUSED_FUNCTION = YES;
				GCC_WARN_UNUSED_VARIABLE = YES;
				MACOSX_DEPLOYMENT_TARGET = 10.11;
				MTL_ENABLE_DEBUG_INFO = NO;
				SDKROOT = macosx;
			};
			name = Release;
		};
		262FDCD51CFF980A0076463F /* Debug */ = {
			isa = XCBuildConfiguration;
			buildSettings = {
				CC = "/usr/local/bin/clang-omp";
				CLANG_ENABLE_MODULES = NO;
				FRAMEWORK_SEARCH_PATHS = (
					"$(inherited)",
					"$(LOCAL_LIBRARY_DIR)/Frameworks",
				);
				HEADER_SEARCH_PATHS = /usr/local/include;
				LIBRARY_SEARCH_PATHS = /usr/local/lib;
				OTHER_CFLAGS = "-fopenmp";
				PRODUCT_NAME = "$(TARGET_NAME)";
			};
			name = Debug;
		};
		262FDCD61CFF980A0076463F /* Release */ = {
			isa = XCBuildConfiguration;
			buildSettings = {
				CC = "/usr/local/bin/clang-omp";
				CLANG_ENABLE_MODULES = NO;
				FRAMEWORK_SEARCH_PATHS = (
					"$(inherited)",
					"$(LOCAL_LIBRARY_DIR)/Frameworks",
				);
				HEADER_SEARCH_PATHS = /usr/local/include;
				LIBRARY_SEARCH_PATHS = /usr/local/lib;
				OTHER_CFLAGS = "-fopenmp";
				PRODUCT_NAME = "$(TARGET_NAME)";
			};
			name = Release;
		};
/* End XCBuildConfiguration section */

/* Begin XCConfigurationList section */
		262FDCC81CFF980A0076463F /* Build configuration list for PBXProject "475_project07" */ = {
			isa = XCConfigurationList;
			buildConfigurations = (
				262FDCD21CFF980A0076463F /* Debug */,
				262FDCD31CFF980A0076463F /* Release */,
			);
			defaultConfigurationIsVisible = 0;
			defaultConfigurationName = Release;
		};
		262FDCD41CFF980A0076463F /* Build configuration list for PBXNativeTarget "475_project07" */ = {
			isa = XCConfigurationList;
			buildConfigurations = (
				262FDCD51CFF980A0076463F /* Debug */,
				262FDCD61CFF980A0076463F /* Release */,
			);
			defaultConfigurationIsVisible = 0;
			defaultConfigurationName = Release;
		};
/* End XCConfigurationList section */
	};
	rootObject = 262FDCC51CFF980A0076463F /* Project object */;
}
